{
  "name": "array",
  "lockfileVersion": 2,
  "requires": true,
  "packages": {
    "": {
      "devDependencies": {
        "@delalyra/arr": "^0.0.5"
      }
    },
    "node_modules/@delalyra/arr": {
      "version": "0.0.5",
      "resolved": "https://registry.npmjs.org/@delalyra/arr/-/arr-0.0.5.tgz",
      "integrity": "sha512-XsBsxnwnkx8x60z2FTSA8PEkM1EObHtZvlaG8/LaZ3VbXGDP5mtlQP243LBZ2sd7w7FAeO/y2IeqDPSqZjakUg==",
      "dev": true
    }
  },
  "dependencies": {
    "@delalyra/arr": {
      "version": "0.0.5",
      "resolved": "https://registry.npmjs.org/@delalyra/arr/-/arr-0.0.5.tgz",
      "integrity": "sha512-XsBsxnwnkx8x60z2FTSA8PEkM1EObHtZvlaG8/LaZ3VbXGDP5mtlQP243LBZ2sd7w7FAeO/y2IeqDPSqZjakUg==",
      "dev": true
    }
  }
}
